
Microsoft Visual Studio Solution File, Format Version 12.00
# Visual Studio Version 17
VisualStudioVersion = 17.14.36301.6
MinimumVisualStudioVersion = 10.0.40219.1
Project("{FAE04EC0-301F-11D3-BF4B-00C04F79EFBC}") = "MaterialsAndEquations", "MaterialsAndEquations\MaterialsAndEquations.csproj", "{9FEC04E1-A130-40A6-8A0B-3DBBBA563128}"
EndProject
Project("{FAE04EC0-301F-11D3-BF4B-00C04F79EFBC}") = "MaterialsAndEquations.Tests", "MaterialsAndEquations.Tests\MaterialsAndEquations.Tests.csproj", "{827DB05A-760A-4248-9915-9BAA560A7B0A}"
EndProject
Global
	GlobalSection(SolutionConfigurationPlatforms) = preSolution
		Debug|Any CPU = Debug|Any CPU
		Debug|x64 = Debug|x64
		Debug|x86 = Debug|x86
		Release|Any CPU = Release|Any CPU
		Release|x64 = Release|x64
		Release|x86 = Release|x86
	EndGlobalSection
	GlobalSection(ProjectConfigurationPlatforms) = postSolution
		{9FEC04E1-A130-40A6-8A0B-3DBBBA563128}.Debug|Any CPU.ActiveCfg = Debug|Any CPU
		{9FEC04E1-A130-40A6-8A0B-3DBBBA563128}.Debug|Any CPU.Build.0 = Debug|Any CPU
		{9FEC04E1-A130-40A6-8A0B-3DBBBA563128}.Debug|x64.ActiveCfg = Debug|Any CPU
		{9FEC04E1-A130-40A6-8A0B-3DBBBA563128}.Debug|x64.Build.0 = Debug|Any CPU
		{9FEC04E1-A130-40A6-8A0B-3DBBBA563128}.Debug|x86.ActiveCfg = Debug|Any CPU
		{9FEC04E1-A130-40A6-8A0B-3DBBBA563128}.Debug|x86.Build.0 = Debug|Any CPU
		{9FEC04E1-A130-40A6-8A0B-3DBBBA563128}.Release|Any CPU.ActiveCfg = Release|Any CPU
		{9FEC04E1-A130-40A6-8A0B-3DBBBA563128}.Release|Any CPU.Build.0 = Release|Any CPU
		{9FEC04E1-A130-40A6-8A0B-3DBBBA563128}.Release|x64.ActiveCfg = Release|Any CPU
		{9FEC04E1-A130-40A6-8A0B-3DBBBA563128}.Release|x64.Build.0 = Release|Any CPU
		{9FEC04E1-A130-40A6-8A0B-3DBBBA563128}.Release|x86.ActiveCfg = Release|Any CPU
		{9FEC04E1-A130-40A6-8A0B-3DBBBA563128}.Release|x86.Build.0 = Release|Any CPU
		{827DB05A-760A-4248-9915-9BAA560A7B0A}.Debug|Any CPU.ActiveCfg = Debug|Any CPU
		{827DB05A-760A-4248-9915-9BAA560A7B0A}.Debug|Any CPU.Build.0 = Debug|Any CPU
		{827DB05A-760A-4248-9915-9BAA560A7B0A}.Debug|x64.ActiveCfg = Debug|Any CPU
		{827DB05A-760A-4248-9915-9BAA560A7B0A}.Debug|x64.Build.0 = Debug|Any CPU
		{827DB05A-760A-4248-9915-9BAA560A7B0A}.Debug|x86.ActiveCfg = Debug|Any CPU
		{827DB05A-760A-4248-9915-9BAA560A7B0A}.Debug|x86.Build.0 = Debug|Any CPU
		{827DB05A-760A-4248-9915-9BAA560A7B0A}.Release|Any CPU.ActiveCfg = Release|Any CPU
		{827DB05A-760A-4248-9915-9BAA560A7B0A}.Release|Any CPU.Build.0 = Release|Any CPU
		{827DB05A-760A-4248-9915-9BAA560A7B0A}.Release|x64.ActiveCfg = Release|Any CPU
		{827DB05A-760A-4248-9915-9BAA560A7B0A}.Release|x64.Build.0 = Release|Any CPU
		{827DB05A-760A-4248-9915-9BAA560A7B0A}.Release|x86.ActiveCfg = Release|Any CPU
		{827DB05A-760A-4248-9915-9BAA560A7B0A}.Release|x86.Build.0 = Release|Any CPU
	EndGlobalSection
	GlobalSection(SolutionProperties) = preSolution
		HideSolutionNode = FALSE
	EndGlobalSection
	GlobalSection(ExtensibilityGlobals) = postSolution
		SolutionGuid = {087330E1-CEDF-45D5-B2EA-DDB37E608059}
	EndGlobalSection
EndGlobal
